
Microsoft Visual Studio Solution File, Format Version 12.00
# Visual Studio Version 17
VisualStudioVersion = 17.7.34031.279
MinimumVisualStudioVersion = 10.0.40219.1
Project("{2150E333-8FDC-42A3-9474-1A3956D46DE8}") = "00 Documentation", "00 Documentation", "{B60279EE-45FD-48D1-A06C-EB7A684B3ADD}"
	ProjectSection(SolutionItems) = preProject
		Begin.md = Begin.md
		SatrackBankDev.bak = SatrackBankDev.bak
	EndProjectSection
EndProject
Project("{2150E333-8FDC-42A3-9474-1A3956D46DE8}") = "01 Enterprice Business Rules", "01 Enterprice Business Rules", "{0B1D15E0-8B6F-4AA0-9F67-3339D73F08C3}"
EndProject
Project("{2150E333-8FDC-42A3-9474-1A3956D46DE8}") = "02 Application Business Rules", "02 Application Business Rules", "{7B3EBFF0-4D0A-422F-8A08-E98790BC4584}"
EndProject
Project("{2150E333-8FDC-42A3-9474-1A3956D46DE8}") = "03 Interface Adapters", "03 Interface Adapters", "{61AEB79F-B303-419C-85F5-0FC5EA3E8E25}"
EndProject
Project("{2150E333-8FDC-42A3-9474-1A3956D46DE8}") = "04 Frameworks And Drivers", "04 Frameworks And Drivers", "{1594B639-3D61-48EF-8BFC-558A21BB04B7}"
EndProject
Project("{9A19103F-16F7-4668-BE54-9A1E7A4F7556}") = "SatrackBank.Entities", "SatrackBank.Entities\SatrackBank.Entities.csproj", "{C2A17319-4B36-4F81-8FE0-F75085C09B24}"
EndProject
Project("{9A19103F-16F7-4668-BE54-9A1E7A4F7556}") = "SatrackBank.UseCases", "SatrackBank.UseCases\SatrackBank.UseCases.csproj", "{D485005F-4ABE-4B70-87CF-FE622F2B520A}"
EndProject
Project("{9A19103F-16F7-4668-BE54-9A1E7A4F7556}") = "SatrackBank.UseCasesDTOs", "SatrackBank.UseCasesDTOs\SatrackBank.UseCasesDTOs.csproj", "{661A3B2E-6B64-4CDD-BECB-C9F1BB6FD546}"
EndProject
Project("{9A19103F-16F7-4668-BE54-9A1E7A4F7556}") = "SatrackBank.UseCasesPorts", "SatrackBank.UseCasesPorts\SatrackBank.UseCasesPorts.csproj", "{398D74C2-6C9D-443C-824E-3003E1EC08BE}"
EndProject
Project("{2150E333-8FDC-42A3-9474-1A3956D46DE8}") = "Controllers", "Controllers", "{8AEADA71-8A4F-4FDA-B045-137EA68D683E}"
EndProject
Project("{9A19103F-16F7-4668-BE54-9A1E7A4F7556}") = "SatrackBank.Controllers", "SatrackBank.Controllers\SatrackBank.Controllers.csproj", "{550B8506-7B20-40C1-8697-4D134434F321}"
EndProject
Project("{2150E333-8FDC-42A3-9474-1A3956D46DE8}") = "Presenters", "Presenters", "{957EE286-54FC-401C-BCAD-E0688653C950}"
EndProject
Project("{9A19103F-16F7-4668-BE54-9A1E7A4F7556}") = "SatrackBank.Presenters", "SatrackBank.Presenters\SatrackBank.Presenters.csproj", "{E674857B-3D0A-4CEC-8DB8-8C100DEBB095}"
EndProject
Project("{9A19103F-16F7-4668-BE54-9A1E7A4F7556}") = "SatrackBank.WebExceptionPresenter", "SatrackBank.WebExceptionPresenter\SatrackBank.WebExceptionPresenter.csproj", "{8E19491A-F11A-4C4B-9085-71D5C4D2C1D0}"
EndProject
Project("{2150E333-8FDC-42A3-9474-1A3956D46DE8}") = "Gateways", "Gateways", "{8B8470F9-AD84-437F-8494-3147D62D9B4A}"
EndProject
Project("{9A19103F-16F7-4668-BE54-9A1E7A4F7556}") = "SatrackBank.Repositories.EFCore", "SatrackBank.Repositories.EFCore\SatrackBank.Repositories.EFCore.csproj", "{1F50894E-2AF6-4CBA-AF73-C01A404B51E1}"
EndProject
Project("{2150E333-8FDC-42A3-9474-1A3956D46DE8}") = "IoC", "IoC", "{6843C8CA-733A-4304-B018-84019648F075}"
EndProject
Project("{9A19103F-16F7-4668-BE54-9A1E7A4F7556}") = "SatrackBank.InversionControl", "SatrackBank.InversionControl\SatrackBank.InversionControl.csproj", "{AB0D9298-5193-4825-BBF3-097F05CF4932}"
EndProject
Project("{2150E333-8FDC-42A3-9474-1A3956D46DE8}") = "API UI", "API UI", "{39695747-3E38-4BDB-A22A-C71D4A764562}"
EndProject
Project("{9A19103F-16F7-4668-BE54-9A1E7A4F7556}") = "SatrackBank.WebApi", "SatrackBank.WebApi\SatrackBank.WebApi.csproj", "{64D51285-4AAF-4CA7-B9B5-3862B1C87CFB}"
EndProject
Project("{2150E333-8FDC-42A3-9474-1A3956D46DE8}") = "Front end UI", "Front end UI", "{D411A6C1-A75C-49F8-9E24-96C5958B55FC}"
EndProject
Global
	GlobalSection(SolutionConfigurationPlatforms) = preSolution
		Debug|Any CPU = Debug|Any CPU
		Release|Any CPU = Release|Any CPU
	EndGlobalSection
	GlobalSection(ProjectConfigurationPlatforms) = postSolution
		{C2A17319-4B36-4F81-8FE0-F75085C09B24}.Debug|Any CPU.ActiveCfg = Debug|Any CPU
		{C2A17319-4B36-4F81-8FE0-F75085C09B24}.Debug|Any CPU.Build.0 = Debug|Any CPU
		{C2A17319-4B36-4F81-8FE0-F75085C09B24}.Release|Any CPU.ActiveCfg = Release|Any CPU
		{C2A17319-4B36-4F81-8FE0-F75085C09B24}.Release|Any CPU.Build.0 = Release|Any CPU
		{D485005F-4ABE-4B70-87CF-FE622F2B520A}.Debug|Any CPU.ActiveCfg = Debug|Any CPU
		{D485005F-4ABE-4B70-87CF-FE622F2B520A}.Debug|Any CPU.Build.0 = Debug|Any CPU
		{D485005F-4ABE-4B70-87CF-FE622F2B520A}.Release|Any CPU.ActiveCfg = Release|Any CPU
		{D485005F-4ABE-4B70-87CF-FE622F2B520A}.Release|Any CPU.Build.0 = Release|Any CPU
		{661A3B2E-6B64-4CDD-BECB-C9F1BB6FD546}.Debug|Any CPU.ActiveCfg = Debug|Any CPU
		{661A3B2E-6B64-4CDD-BECB-C9F1BB6FD546}.Debug|Any CPU.Build.0 = Debug|Any CPU
		{661A3B2E-6B64-4CDD-BECB-C9F1BB6FD546}.Release|Any CPU.ActiveCfg = Release|Any CPU
		{661A3B2E-6B64-4CDD-BECB-C9F1BB6FD546}.Release|Any CPU.Build.0 = Release|Any CPU
		{398D74C2-6C9D-443C-824E-3003E1EC08BE}.Debug|Any CPU.ActiveCfg = Debug|Any CPU
		{398D74C2-6C9D-443C-824E-3003E1EC08BE}.Debug|Any CPU.Build.0 = Debug|Any CPU
		{398D74C2-6C9D-443C-824E-3003E1EC08BE}.Release|Any CPU.ActiveCfg = Release|Any CPU
		{398D74C2-6C9D-443C-824E-3003E1EC08BE}.Release|Any CPU.Build.0 = Release|Any CPU
		{550B8506-7B20-40C1-8697-4D134434F321}.Debug|Any CPU.ActiveCfg = Debug|Any CPU
		{550B8506-7B20-40C1-8697-4D134434F321}.Debug|Any CPU.Build.0 = Debug|Any CPU
		{550B8506-7B20-40C1-8697-4D134434F321}.Release|Any CPU.ActiveCfg = Release|Any CPU
		{550B8506-7B20-40C1-8697-4D134434F321}.Release|Any CPU.Build.0 = Release|Any CPU
		{E674857B-3D0A-4CEC-8DB8-8C100DEBB095}.Debug|Any CPU.ActiveCfg = Debug|Any CPU
		{E674857B-3D0A-4CEC-8DB8-8C100DEBB095}.Debug|Any CPU.Build.0 = Debug|Any CPU
		{E674857B-3D0A-4CEC-8DB8-8C100DEBB095}.Release|Any CPU.ActiveCfg = Release|Any CPU
		{E674857B-3D0A-4CEC-8DB8-8C100DEBB095}.Release|Any CPU.Build.0 = Release|Any CPU
		{8E19491A-F11A-4C4B-9085-71D5C4D2C1D0}.Debug|Any CPU.ActiveCfg = Debug|Any CPU
		{8E19491A-F11A-4C4B-9085-71D5C4D2C1D0}.Debug|Any CPU.Build.0 = Debug|Any CPU
		{8E19491A-F11A-4C4B-9085-71D5C4D2C1D0}.Release|Any CPU.ActiveCfg = Release|Any CPU
		{8E19491A-F11A-4C4B-9085-71D5C4D2C1D0}.Release|Any CPU.Build.0 = Release|Any CPU
		{1F50894E-2AF6-4CBA-AF73-C01A404B51E1}.Debug|Any CPU.ActiveCfg = Debug|Any CPU
		{1F50894E-2AF6-4CBA-AF73-C01A404B51E1}.Debug|Any CPU.Build.0 = Debug|Any CPU
		{1F50894E-2AF6-4CBA-AF73-C01A404B51E1}.Release|Any CPU.ActiveCfg = Release|Any CPU
		{1F50894E-2AF6-4CBA-AF73-C01A404B51E1}.Release|Any CPU.Build.0 = Release|Any CPU
		{AB0D9298-5193-4825-BBF3-097F05CF4932}.Debug|Any CPU.ActiveCfg = Debug|Any CPU
		{AB0D9298-5193-4825-BBF3-097F05CF4932}.Debug|Any CPU.Build.0 = Debug|Any CPU
		{AB0D9298-5193-4825-BBF3-097F05CF4932}.Release|Any CPU.ActiveCfg = Release|Any CPU
		{AB0D9298-5193-4825-BBF3-097F05CF4932}.Release|Any CPU.Build.0 = Release|Any CPU
		{64D51285-4AAF-4CA7-B9B5-3862B1C87CFB}.Debug|Any CPU.ActiveCfg = Debug|Any CPU
		{64D51285-4AAF-4CA7-B9B5-3862B1C87CFB}.Debug|Any CPU.Build.0 = Debug|Any CPU
		{64D51285-4AAF-4CA7-B9B5-3862B1C87CFB}.Release|Any CPU.ActiveCfg = Release|Any CPU
		{64D51285-4AAF-4CA7-B9B5-3862B1C87CFB}.Release|Any CPU.Build.0 = Release|Any CPU
	EndGlobalSection
	GlobalSection(SolutionProperties) = preSolution
		HideSolutionNode = FALSE
	EndGlobalSection
	GlobalSection(NestedProjects) = preSolution
		{C2A17319-4B36-4F81-8FE0-F75085C09B24} = {0B1D15E0-8B6F-4AA0-9F67-3339D73F08C3}
		{D485005F-4ABE-4B70-87CF-FE622F2B520A} = {7B3EBFF0-4D0A-422F-8A08-E98790BC4584}
		{661A3B2E-6B64-4CDD-BECB-C9F1BB6FD546} = {7B3EBFF0-4D0A-422F-8A08-E98790BC4584}
		{398D74C2-6C9D-443C-824E-3003E1EC08BE} = {7B3EBFF0-4D0A-422F-8A08-E98790BC4584}
		{8AEADA71-8A4F-4FDA-B045-137EA68D683E} = {61AEB79F-B303-419C-85F5-0FC5EA3E8E25}
		{550B8506-7B20-40C1-8697-4D134434F321} = {8AEADA71-8A4F-4FDA-B045-137EA68D683E}
		{957EE286-54FC-401C-BCAD-E0688653C950} = {61AEB79F-B303-419C-85F5-0FC5EA3E8E25}
		{E674857B-3D0A-4CEC-8DB8-8C100DEBB095} = {957EE286-54FC-401C-BCAD-E0688653C950}
		{8E19491A-F11A-4C4B-9085-71D5C4D2C1D0} = {957EE286-54FC-401C-BCAD-E0688653C950}
		{8B8470F9-AD84-437F-8494-3147D62D9B4A} = {61AEB79F-B303-419C-85F5-0FC5EA3E8E25}
		{1F50894E-2AF6-4CBA-AF73-C01A404B51E1} = {8B8470F9-AD84-437F-8494-3147D62D9B4A}
		{6843C8CA-733A-4304-B018-84019648F075} = {61AEB79F-B303-419C-85F5-0FC5EA3E8E25}
		{AB0D9298-5193-4825-BBF3-097F05CF4932} = {6843C8CA-733A-4304-B018-84019648F075}
		{39695747-3E38-4BDB-A22A-C71D4A764562} = {1594B639-3D61-48EF-8BFC-558A21BB04B7}
		{64D51285-4AAF-4CA7-B9B5-3862B1C87CFB} = {39695747-3E38-4BDB-A22A-C71D4A764562}
		{D411A6C1-A75C-49F8-9E24-96C5958B55FC} = {1594B639-3D61-48EF-8BFC-558A21BB04B7}
	EndGlobalSection
	GlobalSection(ExtensibilityGlobals) = postSolution
		SolutionGuid = {3A160562-0C49-4A38-9182-571A7DB78B4C}
	EndGlobalSection
EndGlobal
